
Microsoft Visual Studio Solution File, Format Version 12.00
# Visual Studio 15
VisualStudioVersion = 15.0.28010.2050
MinimumVisualStudioVersion = 10.0.40219.1
Project("{FAE04EC0-301F-11D3-BF4B-00C04F79EFBC}") = "AlarmAppCsh", "AlarmAppCsh\AlarmAppCsh.csproj", "{FD03805D-47CD-44E0-8FA1-C7849DF6F376}"
EndProject
Global
	GlobalSection(SolutionConfigurationPlatforms) = preSolution
		Debug|Any CPU = Debug|Any CPU
		Release|Any CPU = Release|Any CPU
	EndGlobalSection
	GlobalSection(ProjectConfigurationPlatforms) = postSolution
		{FD03805D-47CD-44E0-8FA1-C7849DF6F376}.Debug|Any CPU.ActiveCfg = Debug|Any CPU
		{FD03805D-47CD-44E0-8FA1-C7849DF6F376}.Debug|Any CPU.Build.0 = Debug|Any CPU
		{FD03805D-47CD-44E0-8FA1-C7849DF6F376}.Release|Any CPU.ActiveCfg = Release|Any CPU
		{FD03805D-47CD-44E0-8FA1-C7849DF6F376}.Release|Any CPU.Build.0 = Release|Any CPU
	EndGlobalSection
	GlobalSection(SolutionProperties) = preSolution
		HideSolutionNode = FALSE
	EndGlobalSection
	GlobalSection(ExtensibilityGlobals) = postSolution
		SolutionGuid = {698A9738-4761-447C-B47D-E9D1AC76D051}
	EndGlobalSection
EndGlobal
